PODS:
  - JGProgressHUD (2.2)
  - Kingfisher (6.3.0)
  - RxCocoa (6.1.0):
    - RxRelay (= 6.1.0)
    - RxSwift (= 6.1.0)
  - RxRelay (6.1.0):
    - RxSwift (= 6.1.0)
  - RxSwift (6.1.0)
  - XLPagerTabStrip (9.0.0)

DEPENDENCIES:
  - JGProgressHUD
  - Kingfisher (~> 6.0)
  - RxCocoa (= 6.1.0)
  - RxSwift (= 6.1.0)
  - XLPagerTabStrip (~> 9.0)

SPEC REPOS:
  trunk:
    - JGProgressHUD
    - Kingfisher
    - RxCocoa
    - RxRelay
    - RxSwift
    - XLPagerTabStrip

SPEC CHECKSUMS:
  JGProgressHUD: d83d7a981b85d11205e19ff8ad5bb9c40571c847
  Kingfisher: 6c3df386db71d82c0817a429d2c9421a77396529
  RxCocoa: 5c51f02d562cbd94629f6c26cf0c80fe4ab8d343
  RxRelay: 483e1a19fad961b41f0b0c0bee506f46c1ae14fe
  RxSwift: a834e5c538e89eca0cae86f403f4fbf0336786ce
  XLPagerTabStrip: 61c57fd61f611ee5f01ff1495ad6fbee8bf496c5

PODFILE CHECKSUM: ebe75dbe4d4433c86478a340c218289be72c2356

COCOAPODS: 1.10.1
